
Microsoft Visual Studio Solution File, Format Version 12.00
# Visual Studio Version 16
VisualStudioVersion = 16.0.30907.101
MinimumVisualStudioVersion = 10.0.40219.1
Project("{9A19103F-16F7-4668-BE54-9A1E7A4F7556}") = "subbuzz.emby.4.6", "subbuzz.emby.4.6.csproj", "{5611A013-AF19-4423-9DB9-EBDCB1F48B0A}"
EndProject
Project("{9A19103F-16F7-4668-BE54-9A1E7A4F7556}") = "subbuzz.jellyfin.10.7", "subbuzz.jellyfin.10.7.csproj", "{C992F5A1-D7D1-4C02-8B5E-03969FEFE5F8}"
EndProject
Global
	GlobalSection(SolutionConfigurationPlatforms) = preSolution
		Debug|Any CPU = Debug|Any CPU
		Release|Any CPU = Release|Any CPU
	EndGlobalSection
	GlobalSection(ProjectConfigurationPlatforms) = postSolution
		{5611A013-AF19-4423-9DB9-EBDCB1F48B0A}.Debug|Any CPU.ActiveCfg = Debug|Any CPU
		{5611A013-AF19-4423-9DB9-EBDCB1F48B0A}.Debug|Any CPU.Build.0 = Debug|Any CPU
		{5611A013-AF19-4423-9DB9-EBDCB1F48B0A}.Release|Any CPU.ActiveCfg = Release|Any CPU
		{5611A013-AF19-4423-9DB9-EBDCB1F48B0A}.Release|Any CPU.Build.0 = Release|Any CPU
		{C992F5A1-D7D1-4C02-8B5E-03969FEFE5F8}.Debug|Any CPU.ActiveCfg = Debug|Any CPU
		{C992F5A1-D7D1-4C02-8B5E-03969FEFE5F8}.Debug|Any CPU.Build.0 = Debug|Any CPU
		{C992F5A1-D7D1-4C02-8B5E-03969FEFE5F8}.Release|Any CPU.ActiveCfg = Release|Any CPU
		{C992F5A1-D7D1-4C02-8B5E-03969FEFE5F8}.Release|Any CPU.Build.0 = Release|Any CPU
	EndGlobalSection
	GlobalSection(SolutionProperties) = preSolution
		HideSolutionNode = FALSE
	EndGlobalSection
	GlobalSection(ExtensibilityGlobals) = postSolution
		SolutionGuid = {02762B58-24E2-4921-A3E5-85AC83A6946A}
	EndGlobalSection
EndGlobal
