
Microsoft Visual Studio Solution File, Format Version 12.00
# Visual Studio Version 16
VisualStudioVersion = 16.0.30907.101
MinimumVisualStudioVersion = 10.0.40219.1
Project("{9A19103F-16F7-4668-BE54-9A1E7A4F7556}") = "subbuzz.emby", "subbuzz.emby.csproj", "{35FAF16A-D247-4DE6-91EC-7D6F11E97099}"
EndProject
Project("{9A19103F-16F7-4668-BE54-9A1E7A4F7556}") = "subbuzz.jellyfin", "subbuzz.jellyfin.csproj", "{1A863F97-D5F7-41A4-BABF-D65D2698D437}"
EndProject
Global
	GlobalSection(SolutionConfigurationPlatforms) = preSolution
		Debug|Any CPU = Debug|Any CPU
		Release|Any CPU = Release|Any CPU
	EndGlobalSection
	GlobalSection(ProjectConfigurationPlatforms) = postSolution
		{35FAF16A-D247-4DE6-91EC-7D6F11E97099}.Debug|Any CPU.ActiveCfg = Debug|Any CPU
		{35FAF16A-D247-4DE6-91EC-7D6F11E97099}.Debug|Any CPU.Build.0 = Debug|Any CPU
		{35FAF16A-D247-4DE6-91EC-7D6F11E97099}.Release|Any CPU.ActiveCfg = Release|Any CPU
		{35FAF16A-D247-4DE6-91EC-7D6F11E97099}.Release|Any CPU.Build.0 = Release|Any CPU
		{1A863F97-D5F7-41A4-BABF-D65D2698D437}.Debug|Any CPU.ActiveCfg = Debug|Any CPU
		{1A863F97-D5F7-41A4-BABF-D65D2698D437}.Debug|Any CPU.Build.0 = Debug|Any CPU
		{1A863F97-D5F7-41A4-BABF-D65D2698D437}.Release|Any CPU.ActiveCfg = Release|Any CPU
		{1A863F97-D5F7-41A4-BABF-D65D2698D437}.Release|Any CPU.Build.0 = Release|Any CPU
	EndGlobalSection
	GlobalSection(SolutionProperties) = preSolution
		HideSolutionNode = FALSE
	EndGlobalSection
	GlobalSection(ExtensibilityGlobals) = postSolution
		SolutionGuid = {02762B58-24E2-4921-A3E5-85AC83A6946A}
	EndGlobalSection
EndGlobal
