
Microsoft Visual Studio Solution File, Format Version 12.00
# Visual Studio Version 16
VisualStudioVersion = 16.0.30907.101
MinimumVisualStudioVersion = 10.0.40219.1
Project("{FAE04EC0-301F-11D3-BF4B-00C04F79EFBC}") = "subbuzz", "subbuzz.csproj", "{71A0B0B9-1CAC-4300-9D38-ABC7C91D85A4}"
EndProject
Global
	GlobalSection(SolutionConfigurationPlatforms) = preSolution
		Debug|Any CPU = Debug|Any CPU
		Release|Any CPU = Release|Any CPU
	EndGlobalSection
	GlobalSection(ProjectConfigurationPlatforms) = postSolution
		{71A0B0B9-1CAC-4300-9D38-ABC7C91D85A4}.Debug|Any CPU.ActiveCfg = Debug|Any CPU
		{71A0B0B9-1CAC-4300-9D38-ABC7C91D85A4}.Debug|Any CPU.Build.0 = Debug|Any CPU
		{71A0B0B9-1CAC-4300-9D38-ABC7C91D85A4}.Release|Any CPU.ActiveCfg = Release|Any CPU
		{71A0B0B9-1CAC-4300-9D38-ABC7C91D85A4}.Release|Any CPU.Build.0 = Release|Any CPU
	EndGlobalSection
	GlobalSection(SolutionProperties) = preSolution
		HideSolutionNode = FALSE
	EndGlobalSection
	GlobalSection(ExtensibilityGlobals) = postSolution
		SolutionGuid = {35D22897-4499-46A5-BEA4-7E2E151C5D07}
	EndGlobalSection
EndGlobal
